
Microsoft Visual Studio Solution File, Format Version 12.00
# Visual Studio Version 17
VisualStudioVersion = 17.9.34728.123
MinimumVisualStudioVersion = 10.0.40219.1
Project("{FAE04EC0-301F-11D3-BF4B-00C04F79EFBC}") = "PantallaEmi3", "PantallaEmi3\PantallaEmi3.csproj", "{B77FD4AA-B9AC-4031-B409-396EA2FC9DB9}"
EndProject
Global
	GlobalSection(SolutionConfigurationPlatforms) = preSolution
		Debug|Any CPU = Debug|Any CPU
		Release|Any CPU = Release|Any CPU
	EndGlobalSection
	GlobalSection(ProjectConfigurationPlatforms) = postSolution
		{B77FD4AA-B9AC-4031-B409-396EA2FC9DB9}.Debug|Any CPU.ActiveCfg = Debug|Any CPU
		{B77FD4AA-B9AC-4031-B409-396EA2FC9DB9}.Debug|Any CPU.Build.0 = Debug|Any CPU
		{B77FD4AA-B9AC-4031-B409-396EA2FC9DB9}.Release|Any CPU.ActiveCfg = Release|Any CPU
		{B77FD4AA-B9AC-4031-B409-396EA2FC9DB9}.Release|Any CPU.Build.0 = Release|Any CPU
	EndGlobalSection
	GlobalSection(SolutionProperties) = preSolution
		HideSolutionNode = FALSE
	EndGlobalSection
	GlobalSection(ExtensibilityGlobals) = postSolution
		SolutionGuid = {56597A30-9CAF-4028-B56D-BE301AC4A752}
	EndGlobalSection
EndGlobal
